
Microsoft Visual Studio Solution File, Format Version 12.00
# Visual Studio Version 17
VisualStudioVersion = 17.5.002.0
MinimumVisualStudioVersion = 10.0.40219.1
Project("{9A19103F-16F7-4668-BE54-9A1E7A4F7556}") = "loop-iteration-practice-Anthony-Flowers-Student", "loop-iteration-practice-Anthony-Flowers-Student.csproj", "{AC598B77-3DB8-4592-BA76-DB74C296E71B}"
EndProject
Global
	GlobalSection(SolutionConfigurationPlatforms) = preSolution
		Debug|Any CPU = Debug|Any CPU
		Release|Any CPU = Release|Any CPU
	EndGlobalSection
	GlobalSection(ProjectConfigurationPlatforms) = postSolution
		{AC598B77-3DB8-4592-BA76-DB74C296E71B}.Debug|Any CPU.ActiveCfg = Debug|Any CPU
		{AC598B77-3DB8-4592-BA76-DB74C296E71B}.Debug|Any CPU.Build.0 = Debug|Any CPU
		{AC598B77-3DB8-4592-BA76-DB74C296E71B}.Release|Any CPU.ActiveCfg = Release|Any CPU
		{AC598B77-3DB8-4592-BA76-DB74C296E71B}.Release|Any CPU.Build.0 = Release|Any CPU
	EndGlobalSection
	GlobalSection(SolutionProperties) = preSolution
		HideSolutionNode = FALSE
	EndGlobalSection
	GlobalSection(ExtensibilityGlobals) = postSolution
		SolutionGuid = {202C7290-5F40-429F-9D39-0EB8E6D3C4F4}
	EndGlobalSection
EndGlobal
